// !$*UTF8*$!
{
	archiveVersion = 1;
	classes = {
	};
	objectVersion = 50;
	objects = {

/* Begin PBXBuildFile section */
		7B1AA591264A9AFE002A3774 /* NetworkEndPoints.swift in Sources */ = {isa = PBXBuildFile; fileRef = 7B1AA590264A9AFE002A3774 /* NetworkEndPoints.swift */; };
		7B1AA593264AA018002A3774 /* EndPointTests.swift in Sources */ = {isa = PBXBuildFile; fileRef = 7B1AA592264AA018002A3774 /* EndPointTests.swift */; };
		7B1AA595264AA4CF002A3774 /* MockData.swift in Sources */ = {isa = PBXBuildFile; fileRef = 7B1AA594264AA4CF002A3774 /* MockData.swift */; };
		7B1AA599264AA798002A3774 /* Array.swift in Sources */ = {isa = PBXBuildFile; fileRef = 7B1AA598264AA798002A3774 /* Array.swift */; };
		7B6E3D42265272AF00B04B62 /* UIColor.swift in Sources */ = {isa = PBXBuildFile; fileRef = 7B6E3D41265272AF00B04B62 /* UIColor.swift */; };
		7B6E3D4526527DA200B04B62 /* ImagePickerView.swift in Sources */ = {isa = PBXBuildFile; fileRef = 7B6E3D4426527DA200B04B62 /* ImagePickerView.swift */; };
		7B6E3D47265282CE00B04B62 /* CatsPageView.swift in Sources */ = {isa = PBXBuildFile; fileRef = 7B6E3D46265282CE00B04B62 /* CatsPageView.swift */; };
		7B6E3D492652CB4300B04B62 /* CatsMainInfoView.swift in Sources */ = {isa = PBXBuildFile; fileRef = 7B6E3D482652CB4300B04B62 /* CatsMainInfoView.swift */; };
		7B6E3D4B2652D59E00B04B62 /* EditButton.swift in Sources */ = {isa = PBXBuildFile; fileRef = 7B6E3D4A2652D59E00B04B62 /* EditButton.swift */; };
		7B6E3D4D2652D6DC00B04B62 /* CatsAvatar.swift in Sources */ = {isa = PBXBuildFile; fileRef = 7B6E3D4C2652D6DC00B04B62 /* CatsAvatar.swift */; };
		7B861434264D1739008616DB /* Stash.xcdatamodeld in Sources */ = {isa = PBXBuildFile; fileRef = 7B861432264D1739008616DB /* Stash.xcdatamodeld */; };
		7B861436264D183B008616DB /* PersistenceController.swift in Sources */ = {isa = PBXBuildFile; fileRef = 7B861435264D183B008616DB /* PersistenceController.swift */; };
		7B86143B264D27AA008616DB /* CatsCardView.swift in Sources */ = {isa = PBXBuildFile; fileRef = 7B86143A264D27AA008616DB /* CatsCardView.swift */; };
		7B86143E264D2953008616DB /* CatsCard+CoreDataClass.swift in Sources */ = {isa = PBXBuildFile; fileRef = 7B86143C264D2953008616DB /* CatsCard+CoreDataClass.swift */; };
		7B86143F264D2953008616DB /* CatsCard+CoreDataProperties.swift in Sources */ = {isa = PBXBuildFile; fileRef = 7B86143D264D2953008616DB /* CatsCard+CoreDataProperties.swift */; };
		7B874684264B19F8006DC6A7 /* MapView.swift in Sources */ = {isa = PBXBuildFile; fileRef = 7B874683264B19F8006DC6A7 /* MapView.swift */; };
		7B874686264B1A35006DC6A7 /* HomeScreenView.swift in Sources */ = {isa = PBXBuildFile; fileRef = 7B874685264B1A35006DC6A7 /* HomeScreenView.swift */; };
		7B8B99E726427DDC00E98B8E /* CatsWorldApp.swift in Sources */ = {isa = PBXBuildFile; fileRef = 7B8B99E626427DDC00E98B8E /* CatsWorldApp.swift */; };
		7B8B99E926427DDC00E98B8E /* BreedsList.swift in Sources */ = {isa = PBXBuildFile; fileRef = 7B8B99E826427DDC00E98B8E /* BreedsList.swift */; };
		7B8B99EB26427DE300E98B8E /* Assets.xcassets in Resources */ = {isa = PBXBuildFile; fileRef = 7B8B99EA26427DE300E98B8E /* Assets.xcassets */; };
		7B8B99EE26427DE300E98B8E /* Preview Assets.xcassets in Resources */ = {isa = PBXBuildFile; fileRef = 7B8B99ED26427DE300E98B8E /* Preview Assets.xcassets */; };
		7B8B9A1A26427EBA00E98B8E /* BreedsViewModel.swift in Sources */ = {isa = PBXBuildFile; fileRef = 7B8B9A1926427EBA00E98B8E /* BreedsViewModel.swift */; };
		7B8B9A1D2642816D00E98B8E /* JSONParser.swift in Sources */ = {isa = PBXBuildFile; fileRef = 7B8B9A1C2642816D00E98B8E /* JSONParser.swift */; };
		7B8B9A1F2642818000E98B8E /* NetworkRequester.swift in Sources */ = {isa = PBXBuildFile; fileRef = 7B8B9A1E2642818000E98B8E /* NetworkRequester.swift */; };
		7B8B9A212642819600E98B8E /* Breed.swift in Sources */ = {isa = PBXBuildFile; fileRef = 7B8B9A202642819600E98B8E /* Breed.swift */; };
		7B968A072653A9F1002ECE07 /* Show.swift in Sources */ = {isa = PBXBuildFile; fileRef = 7B968A062653A9F1002ECE07 /* Show.swift */; };
/* End PBXBuildFile section */

/* Begin PBXContainerItemProxy section */
		7B8B99F526427DE400E98B8E /* PBXContainerItemProxy */ = {
			isa = PBXContainerItemProxy;
			containerPortal = 7B8B99DB26427DDC00E98B8E /* Project object */;
			proxyType = 1;
			remoteGlobalIDString = 7B8B99E226427DDC00E98B8E;
			remoteInfo = CatsWorld;
		};
/* End PBXContainerItemProxy section */

/* Begin PBXFileReference section */
		7B1AA590264A9AFE002A3774 /* NetworkEndPoints.swift */ = {isa = PBXFileReference; lastKnownFileType = sourcecode.swift; path = NetworkEndPoints.swift; sourceTree = "<group>"; };
		7B1AA592264AA018002A3774 /* EndPointTests.swift */ = {isa = PBXFileReference; lastKnownFileType = sourcecode.swift; path = EndPointTests.swift; sourceTree = "<group>"; };
		7B1AA594264AA4CF002A3774 /* MockData.swift */ = {isa = PBXFileReference; lastKnownFileType = sourcecode.swift; path = MockData.swift; sourceTree = "<group>"; };
		7B1AA598264AA798002A3774 /* Array.swift */ = {isa = PBXFileReference; lastKnownFileType = sourcecode.swift; path = Array.swift; sourceTree = "<group>"; };
		7B6E3D41265272AF00B04B62 /* UIColor.swift */ = {isa = PBXFileReference; lastKnownFileType = sourcecode.swift; path = UIColor.swift; sourceTree = "<group>"; };
		7B6E3D4426527DA200B04B62 /* ImagePickerView.swift */ = {isa = PBXFileReference; lastKnownFileType = sourcecode.swift; path = ImagePickerView.swift; sourceTree = "<group>"; };
		7B6E3D46265282CE00B04B62 /* CatsPageView.swift */ = {isa = PBXFileReference; lastKnownFileType = sourcecode.swift; path = CatsPageView.swift; sourceTree = "<group>"; };
		7B6E3D482652CB4300B04B62 /* CatsMainInfoView.swift */ = {isa = PBXFileReference; lastKnownFileType = sourcecode.swift; path = CatsMainInfoView.swift; sourceTree = "<group>"; };
		7B6E3D4A2652D59E00B04B62 /* EditButton.swift */ = {isa = PBXFileReference; lastKnownFileType = sourcecode.swift; path = EditButton.swift; sourceTree = "<group>"; };
		7B6E3D4C2652D6DC00B04B62 /* CatsAvatar.swift */ = {isa = PBXFileReference; lastKnownFileType = sourcecode.swift; path = CatsAvatar.swift; sourceTree = "<group>"; };
		7B861433264D1739008616DB /* Stash.xcdatamodel */ = {isa = PBXFileReference; lastKnownFileType = wrapper.xcdatamodel; path = Stash.xcdatamodel; sourceTree = "<group>"; };
		7B861435264D183B008616DB /* PersistenceController.swift */ = {isa = PBXFileReference; lastKnownFileType = sourcecode.swift; path = PersistenceController.swift; sourceTree = "<group>"; };
		7B86143A264D27AA008616DB /* CatsCardView.swift */ = {isa = PBXFileReference; lastKnownFileType = sourcecode.swift; path = CatsCardView.swift; sourceTree = "<group>"; };
		7B86143C264D2953008616DB /* CatsCard+CoreDataClass.swift */ = {isa = PBXFileReference; lastKnownFileType = sourcecode.swift; path = "CatsCard+CoreDataClass.swift"; sourceTree = "<group>"; };
		7B86143D264D2953008616DB /* CatsCard+CoreDataProperties.swift */ = {isa = PBXFileReference; lastKnownFileType = sourcecode.swift; path = "CatsCard+CoreDataProperties.swift"; sourceTree = "<group>"; };
		7B874683264B19F8006DC6A7 /* MapView.swift */ = {isa = PBXFileReference; lastKnownFileType = sourcecode.swift; path = MapView.swift; sourceTree = "<group>"; };
		7B874685264B1A35006DC6A7 /* HomeScreenView.swift */ = {isa = PBXFileReference; lastKnownFileType = sourcecode.swift; path = HomeScreenView.swift; sourceTree = "<group>"; };
		7B8B99E326427DDC00E98B8E /* CatsWorld.app */ = {isa = PBXFileReference; explicitFileType = wrapper.application; includeInIndex = 0; path = CatsWorld.app; sourceTree = BUILT_PRODUCTS_DIR; };
		7B8B99E626427DDC00E98B8E /* CatsWorldApp.swift */ = {isa = PBXFileReference; lastKnownFileType = sourcecode.swift; path = CatsWorldApp.swift; sourceTree = "<group>"; };
		7B8B99E826427DDC00E98B8E /* BreedsList.swift */ = {isa = PBXFileReference; lastKnownFileType = sourcecode.swift; path = BreedsList.swift; sourceTree = "<group>"; };
		7B8B99EA26427DE300E98B8E /* Assets.xcassets */ = {isa = PBXFileReference; lastKnownFileType = folder.assetcatalog; path = Assets.xcassets; sourceTree = "<group>"; };
		7B8B99ED26427DE300E98B8E /* Preview Assets.xcassets */ = {isa = PBXFileReference; lastKnownFileType = folder.assetcatalog; path = "Preview Assets.xcassets"; sourceTree = "<group>"; };
		7B8B99EF26427DE300E98B8E /* Info.plist */ = {isa = PBXFileReference; lastKnownFileType = text.plist.xml; path = Info.plist; sourceTree = "<group>"; };
		7B8B99F426427DE400E98B8E /* CatsWorldTests.xctest */ = {isa = PBXFileReference; explicitFileType = wrapper.cfbundle; includeInIndex = 0; path = CatsWorldTests.xctest; sourceTree = BUILT_PRODUCTS_DIR; };
		7B8B99FA26427DE400E98B8E /* Info.plist */ = {isa = PBXFileReference; lastKnownFileType = text.plist.xml; path = Info.plist; sourceTree = "<group>"; };
		7B8B9A1926427EBA00E98B8E /* BreedsViewModel.swift */ = {isa = PBXFileReference; lastKnownFileType = sourcecode.swift; path = BreedsViewModel.swift; sourceTree = "<group>"; };
		7B8B9A1C2642816D00E98B8E /* JSONParser.swift */ = {isa = PBXFileReference; lastKnownFileType = sourcecode.swift; path = JSONParser.swift; sourceTree = "<group>"; };
		7B8B9A1E2642818000E98B8E /* NetworkRequester.swift */ = {isa = PBXFileReference; lastKnownFileType = sourcecode.swift; path = NetworkRequester.swift; sourceTree = "<group>"; };
		7B8B9A202642819600E98B8E /* Breed.swift */ = {isa = PBXFileReference; lastKnownFileType = sourcecode.swift; path = Breed.swift; sourceTree = "<group>"; };
		7B968A062653A9F1002ECE07 /* Show.swift */ = {isa = PBXFileReference; lastKnownFileType = sourcecode.swift; path = Show.swift; sourceTree = "<group>"; };
/* End PBXFileReference section */

/* Begin PBXFrameworksBuildPhase section */
		7B8B99E026427DDC00E98B8E /* Frameworks */ = {
			isa = PBXFrameworksBuildPhase;
			buildActionMask = 2147483647;
			files = (
			);
			runOnlyForDeploymentPostprocessing = 0;
		};
		7B8B99F126427DE400E98B8E /* Frameworks */ = {
			isa = PBXFrameworksBuildPhase;
			buildActionMask = 2147483647;
			files = (
			);
			runOnlyForDeploymentPostprocessing = 0;
		};
/* End PBXFrameworksBuildPhase section */

/* Begin PBXGroup section */
		7B1AA596264AA778002A3774 /* Extensions */ = {
			isa = PBXGroup;
			children = (
				7B1AA598264AA798002A3774 /* Array.swift */,
				7B6E3D41265272AF00B04B62 /* UIColor.swift */,
			);
			path = Extensions;
			sourceTree = "<group>";
		};
		7B6E3D4326527D8C00B04B62 /* UIKit */ = {
			isa = PBXGroup;
			children = (
				7B6E3D4426527DA200B04B62 /* ImagePickerView.swift */,
			);
			path = UIKit;
			sourceTree = "<group>";
		};
		7B861437264D1858008616DB /* CoreData */ = {
			isa = PBXGroup;
			children = (
				7B861440264D2963008616DB /* Entities */,
				7B861432264D1739008616DB /* Stash.xcdatamodeld */,
				7B861435264D183B008616DB /* PersistenceController.swift */,
			);
			path = CoreData;
			sourceTree = "<group>";
		};
		7B861440264D2963008616DB /* Entities */ = {
			isa = PBXGroup;
			children = (
				7B86143C264D2953008616DB /* CatsCard+CoreDataClass.swift */,
				7B86143D264D2953008616DB /* CatsCard+CoreDataProperties.swift */,
			);
			path = Entities;
			sourceTree = "<group>";
		};
		7B8B99DA26427DDC00E98B8E = {
			isa = PBXGroup;
			children = (
				7B8B99E526427DDC00E98B8E /* CatsWorld */,
				7B8B99F726427DE400E98B8E /* CatsWorldTests */,
				7B8B99E426427DDC00E98B8E /* Products */,
			);
			sourceTree = "<group>";
		};
		7B8B99E426427DDC00E98B8E /* Products */ = {
			isa = PBXGroup;
			children = (
				7B8B99E326427DDC00E98B8E /* CatsWorld.app */,
				7B8B99F426427DE400E98B8E /* CatsWorldTests.xctest */,
			);
			name = Products;
			sourceTree = "<group>";
		};
		7B8B99E526427DDC00E98B8E /* CatsWorld */ = {
			isa = PBXGroup;
			children = (
				7B8B99E626427DDC00E98B8E /* CatsWorldApp.swift */,
				7B8B99EA26427DE300E98B8E /* Assets.xcassets */,
				7B8B99EF26427DE300E98B8E /* Info.plist */,
				7B6E3D4326527D8C00B04B62 /* UIKit */,
				7B861437264D1858008616DB /* CoreData */,
				7B8B9A1226427E6800E98B8E /* Model */,
				7B8B9A1126427E5500E98B8E /* View */,
				7B8B9A1326427E6D00E98B8E /* ViewModel */,
				7B1AA596264AA778002A3774 /* Extensions */,
				7B8B99EC26427DE300E98B8E /* Preview Content */,
			);
			path = CatsWorld;
			sourceTree = "<group>";
		};
		7B8B99EC26427DE300E98B8E /* Preview Content */ = {
			isa = PBXGroup;
			children = (
				7B8B99ED26427DE300E98B8E /* Preview Assets.xcassets */,
			);
			path = "Preview Content";
			sourceTree = "<group>";
		};
		7B8B99F726427DE400E98B8E /* CatsWorldTests */ = {
			isa = PBXGroup;
			children = (
				7B1AA592264AA018002A3774 /* EndPointTests.swift */,
				7B8B99FA26427DE400E98B8E /* Info.plist */,
			);
			path = CatsWorldTests;
			sourceTree = "<group>";
		};
		7B8B9A1126427E5500E98B8E /* View */ = {
			isa = PBXGroup;
			children = (
				7B874683264B19F8006DC6A7 /* MapView.swift */,
				7B874685264B1A35006DC6A7 /* HomeScreenView.swift */,
				7B6E3D46265282CE00B04B62 /* CatsPageView.swift */,
				7B8B99E826427DDC00E98B8E /* BreedsList.swift */,
				7B8B9A1426427E7C00E98B8E /* Reusable */,
			);
			path = View;
			sourceTree = "<group>";
		};
		7B8B9A1226427E6800E98B8E /* Model */ = {
			isa = PBXGroup;
			children = (
				7B8B9A202642819600E98B8E /* Breed.swift */,
				7B1AA590264A9AFE002A3774 /* NetworkEndPoints.swift */,
				7B1AA594264AA4CF002A3774 /* MockData.swift */,
				7B968A062653A9F1002ECE07 /* Show.swift */,
			);
			path = Model;
			sourceTree = "<group>";
		};
		7B8B9A1326427E6D00E98B8E /* ViewModel */ = {
			isa = PBXGroup;
			children = (
				7B8B9A1926427EBA00E98B8E /* BreedsViewModel.swift */,
				7B8B9A1B2642815E00E98B8E /* Helpers */,
			);
			path = ViewModel;
			sourceTree = "<group>";
		};
		7B8B9A1426427E7C00E98B8E /* Reusable */ = {
			isa = PBXGroup;
			children = (
				7B86143A264D27AA008616DB /* CatsCardView.swift */,
				7B6E3D482652CB4300B04B62 /* CatsMainInfoView.swift */,
				7B6E3D4A2652D59E00B04B62 /* EditButton.swift */,
				7B6E3D4C2652D6DC00B04B62 /* CatsAvatar.swift */,
			);
			path = Reusable;
			sourceTree = "<group>";
		};
		7B8B9A1B2642815E00E98B8E /* Helpers */ = {
			isa = PBXGroup;
			children = (
				7B8B9A1C2642816D00E98B8E /* JSONParser.swift */,
				7B8B9A1E2642818000E98B8E /* NetworkRequester.swift */,
			);
			path = Helpers;
			sourceTree = "<group>";
		};
/* End PBXGroup section */

/* Begin PBXNativeTarget section */
		7B8B99E226427DDC00E98B8E /* CatsWorld */ = {
			isa = PBXNativeTarget;
			buildConfigurationList = 7B8B9A0826427DE400E98B8E /* Build configuration list for PBXNativeTarget "CatsWorld" */;
			buildPhases = (
				7B8B99DF26427DDC00E98B8E /* Sources */,
				7B8B99E026427DDC00E98B8E /* Frameworks */,
				7B8B99E126427DDC00E98B8E /* Resources */,
			);
			buildRules = (
			);
			dependencies = (
			);
			name = CatsWorld;
			productName = CatsWorld;
			productReference = 7B8B99E326427DDC00E98B8E /* CatsWorld.app */;
			productType = "com.apple.product-type.application";
		};
		7B8B99F326427DE400E98B8E /* CatsWorldTests */ = {
			isa = PBXNativeTarget;
			buildConfigurationList = 7B8B9A0B26427DE400E98B8E /* Build configuration list for PBXNativeTarget "CatsWorldTests" */;
			buildPhases = (
				7B8B99F026427DE400E98B8E /* Sources */,
				7B8B99F126427DE400E98B8E /* Frameworks */,
				7B8B99F226427DE400E98B8E /* Resources */,
			);
			buildRules = (
			);
			dependencies = (
				7B8B99F626427DE400E98B8E /* PBXTargetDependency */,
			);
			name = CatsWorldTests;
			productName = CatsWorldTests;
			productReference = 7B8B99F426427DE400E98B8E /* CatsWorldTests.xctest */;
			productType = "com.apple.product-type.bundle.unit-test";
		};
/* End PBXNativeTarget section */

/* Begin PBXProject section */
		7B8B99DB26427DDC00E98B8E /* Project object */ = {
			isa = PBXProject;
			attributes = {
				LastSwiftUpdateCheck = 1250;
				LastUpgradeCheck = 1250;
				TargetAttributes = {
					7B8B99E226427DDC00E98B8E = {
						CreatedOnToolsVersion = 12.5;
					};
					7B8B99F326427DE400E98B8E = {
						CreatedOnToolsVersion = 12.5;
						TestTargetID = 7B8B99E226427DDC00E98B8E;
					};
				};
			};
			buildConfigurationList = 7B8B99DE26427DDC00E98B8E /* Build configuration list for PBXProject "CatsWorld" */;
			compatibilityVersion = "Xcode 9.3";
			developmentRegion = en;
			hasScannedForEncodings = 0;
			knownRegions = (
				en,
				Base,
			);
			mainGroup = 7B8B99DA26427DDC00E98B8E;
			productRefGroup = 7B8B99E426427DDC00E98B8E /* Products */;
			projectDirPath = "";
			projectRoot = "";
			targets = (
				7B8B99E226427DDC00E98B8E /* CatsWorld */,
				7B8B99F326427DE400E98B8E /* CatsWorldTests */,
			);
		};
/* End PBXProject section */

/* Begin PBXResourcesBuildPhase section */
		7B8B99E126427DDC00E98B8E /* Resources */ = {
			isa = PBXResourcesBuildPhase;
			buildActionMask = 2147483647;
			files = (
				7B8B99EE26427DE300E98B8E /* Preview Assets.xcassets in Resources */,
				7B8B99EB26427DE300E98B8E /* Assets.xcassets in Resources */,
			);
			runOnlyForDeploymentPostprocessing = 0;
		};
		7B8B99F226427DE400E98B8E /* Resources */ = {
			isa = PBXResourcesBuildPhase;
			buildActionMask = 2147483647;
			files = (
			);
			runOnlyForDeploymentPostprocessing = 0;
		};
/* End PBXResourcesBuildPhase section */

/* Begin PBXSourcesBuildPhase section */
		7B8B99DF26427DDC00E98B8E /* Sources */ = {
			isa = PBXSourcesBuildPhase;
			buildActionMask = 2147483647;
			files = (
				7B6E3D47265282CE00B04B62 /* CatsPageView.swift in Sources */,
				7B86143E264D2953008616DB /* CatsCard+CoreDataClass.swift in Sources */,
				7B8B9A212642819600E98B8E /* Breed.swift in Sources */,
				7B6E3D4D2652D6DC00B04B62 /* CatsAvatar.swift in Sources */,
				7B6E3D4B2652D59E00B04B62 /* EditButton.swift in Sources */,
				7B8B99E926427DDC00E98B8E /* BreedsList.swift in Sources */,
				7B968A072653A9F1002ECE07 /* Show.swift in Sources */,
				7B86143B264D27AA008616DB /* CatsCardView.swift in Sources */,
				7B86143F264D2953008616DB /* CatsCard+CoreDataProperties.swift in Sources */,
				7B8B99E726427DDC00E98B8E /* CatsWorldApp.swift in Sources */,
				7B8B9A1D2642816D00E98B8E /* JSONParser.swift in Sources */,
				7B8B9A1F2642818000E98B8E /* NetworkRequester.swift in Sources */,
				7B1AA599264AA798002A3774 /* Array.swift in Sources */,
				7B1AA591264A9AFE002A3774 /* NetworkEndPoints.swift in Sources */,
				7B874686264B1A35006DC6A7 /* HomeScreenView.swift in Sources */,
				7B874684264B19F8006DC6A7 /* MapView.swift in Sources */,
				7B6E3D42265272AF00B04B62 /* UIColor.swift in Sources */,
				7B861434264D1739008616DB /* Stash.xcdatamodeld in Sources */,
				7B861436264D183B008616DB /* PersistenceController.swift in Sources */,
				7B8B9A1A26427EBA00E98B8E /* BreedsViewModel.swift in Sources */,
				7B1AA595264AA4CF002A3774 /* MockData.swift in Sources */,
				7B6E3D4526527DA200B04B62 /* ImagePickerView.swift in Sources */,
				7B6E3D492652CB4300B04B62 /* CatsMainInfoView.swift in Sources */,
			);
			runOnlyForDeploymentPostprocessing = 0;
		};
		7B8B99F026427DE400E98B8E /* Sources */ = {
			isa = PBXSourcesBuildPhase;
			buildActionMask = 2147483647;
			files = (
				7B1AA593264AA018002A3774 /* EndPointTests.swift in Sources */,
			);
			runOnlyForDeploymentPostprocessing = 0;
		};
/* End PBXSourcesBuildPhase section */

/* Begin PBXTargetDependency section */
		7B8B99F626427DE400E98B8E /* PBXTargetDependency */ = {
			isa = PBXTargetDependency;
			target = 7B8B99E226427DDC00E98B8E /* CatsWorld */;
			targetProxy = 7B8B99F526427DE400E98B8E /* PBXContainerItemProxy */;
		};
/* End PBXTargetDependency section */

/* Begin XCBuildConfiguration section */
		7B8B9A0626427DE400E98B8E /* Debug */ = {
			isa = XCBuildConfiguration;
			buildSettings = {
				ALWAYS_SEARCH_USER_PATHS = NO;
				CLANG_ANALYZER_NONNULL = YES;
				CLANG_ANALYZER_NUMBER_OBJECT_CONVERSION = YES_AGGRESSIVE;
				CLANG_CXX_LANGUAGE_STANDARD = "gnu++14";
				CLANG_CXX_LIBRARY = "libc++";
				CLANG_ENABLE_MODULES = YES;
				CLANG_ENABLE_OBJC_ARC = YES;
				CLANG_ENABLE_OBJC_WEAK = YES;
				CLANG_WARN_BLOCK_CAPTURE_AUTORELEASING = YES;
				CLANG_WARN_BOOL_CONVERSION = YES;
				CLANG_WARN_COMMA = YES;
				CLANG_WARN_CONSTANT_CONVERSION = YES;
				CLANG_WARN_DEPRECATED_OBJC_IMPLEMENTATIONS = YES;
				CLANG_WARN_DIRECT_OBJC_ISA_USAGE = YES_ERROR;
				CLANG_WARN_DOCUMENTATION_COMMENTS = YES;
				CLANG_WARN_EMPTY_BODY = YES;
				CLANG_WARN_ENUM_CONVERSION = YES;
				CLANG_WARN_INFINITE_RECURSION = YES;
				CLANG_WARN_INT_CONVERSION = YES;
				CLANG_WARN_NON_LITERAL_NULL_CONVERSION = YES;
				CLANG_WARN_OBJC_IMPLICIT_RETAIN_SELF = YES;
				CLANG_WARN_OBJC_LITERAL_CONVERSION = YES;
				CLANG_WARN_OBJC_ROOT_CLASS = YES_ERROR;
				CLANG_WARN_QUOTED_INCLUDE_IN_FRAMEWORK_HEADER = YES;
				CLANG_WARN_RANGE_LOOP_ANALYSIS = YES;
				CLANG_WARN_STRICT_PROTOTYPES = YES;
				CLANG_WARN_SUSPICIOUS_MOVE = YES;
				CLANG_WARN_UNGUARDED_AVAILABILITY = YES_AGGRESSIVE;
				CLANG_WARN_UNREACHABLE_CODE = YES;
				CLANG_WARN__DUPLICATE_METHOD_MATCH = YES;
				COPY_PHASE_STRIP = NO;
				DEBUG_INFORMATION_FORMAT = dwarf;
				ENABLE_STRICT_OBJC_MSGSEND = YES;
				ENABLE_TESTABILITY = YES;
				GCC_C_LANGUAGE_STANDARD = gnu11;
				GCC_DYNAMIC_NO_PIC = NO;
				GCC_NO_COMMON_BLOCKS = YES;
				GCC_OPTIMIZATION_LEVEL = 0;
				GCC_PREPROCESSOR_DEFINITIONS = (
					"DEBUG=1",
					"$(inherited)",
				);
				GCC_WARN_64_TO_32_BIT_CONVERSION = YES;
				GCC_WARN_ABOUT_RETURN_TYPE = YES_ERROR;
				GCC_WARN_UNDECLARED_SELECTOR = YES;
				GCC_WARN_UNINITIALIZED_AUTOS = YES_AGGRESSIVE;
				GCC_WARN_UNUSED_FUNCTION = YES;
				GCC_WARN_UNUSED_VARIABLE = YES;
				IPHONEOS_DEPLOYMENT_TARGET = 14.5;
				MTL_ENABLE_DEBUG_INFO = INCLUDE_SOURCE;
				MTL_FAST_MATH = YES;
				ONLY_ACTIVE_ARCH = YES;
				SDKROOT = iphoneos;
				SWIFT_ACTIVE_COMPILATION_CONDITIONS = DEBUG;
				SWIFT_OPTIMIZATION_LEVEL = "-Onone";
			};
			name = Debug;
		};
		7B8B9A0726427DE400E98B8E /* Release */ = {
			isa = XCBuildConfiguration;
			buildSettings = {
				ALWAYS_SEARCH_USER_PATHS = NO;
				CLANG_ANALYZER_NONNULL = YES;
				CLANG_ANALYZER_NUMBER_OBJECT_CONVERSION = YES_AGGRESSIVE;
				CLANG_CXX_LANGUAGE_STANDARD = "gnu++14";
				CLANG_CXX_LIBRARY = "libc++";
				CLANG_ENABLE_MODULES = YES;
				CLANG_ENABLE_OBJC_ARC = YES;
				CLANG_ENABLE_OBJC_WEAK = YES;
				CLANG_WARN_BLOCK_CAPTURE_AUTORELEASING = YES;
				CLANG_WARN_BOOL_CONVERSION = YES;
				CLANG_WARN_COMMA = YES;
				CLANG_WARN_CONSTANT_CONVERSION = YES;
				CLANG_WARN_DEPRECATED_OBJC_IMPLEMENTATIONS = YES;
				CLANG_WARN_DIRECT_OBJC_ISA_USAGE = YES_ERROR;
				CLANG_WARN_DOCUMENTATION_COMMENTS = YES;
				CLANG_WARN_EMPTY_BODY = YES;
				CLANG_WARN_ENUM_CONVERSION = YES;
				CLANG_WARN_INFINITE_RECURSION = YES;
				CLANG_WARN_INT_CONVERSION = YES;
				CLANG_WARN_NON_LITERAL_NULL_CONVERSION = YES;
				CLANG_WARN_OBJC_IMPLICIT_RETAIN_SELF = YES;
				CLANG_WARN_OBJC_LITERAL_CONVERSION = YES;
				CLANG_WARN_OBJC_ROOT_CLASS = YES_ERROR;
				CLANG_WARN_QUOTED_INCLUDE_IN_FRAMEWORK_HEADER = YES;
				CLANG_WARN_RANGE_LOOP_ANALYSIS = YES;
				CLANG_WARN_STRICT_PROTOTYPES = YES;
				CLANG_WARN_SUSPICIOUS_MOVE = YES;
				CLANG_WARN_UNGUARDED_AVAILABILITY = YES_AGGRESSIVE;
				CLANG_WARN_UNREACHABLE_CODE = YES;
				CLANG_WARN__DUPLICATE_METHOD_MATCH = YES;
				COPY_PHASE_STRIP = NO;
				DEBUG_INFORMATION_FORMAT = "dwarf-with-dsym";
				ENABLE_NS_ASSERTIONS = NO;
				ENABLE_STRICT_OBJC_MSGSEND = YES;
				GCC_C_LANGUAGE_STANDARD = gnu11;
				GCC_NO_COMMON_BLOCKS = YES;
				GCC_WARN_64_TO_32_BIT_CONVERSION = YES;
				GCC_WARN_ABOUT_RETURN_TYPE = YES_ERROR;
				GCC_WARN_UNDECLARED_SELECTOR = YES;
				GCC_WARN_UNINITIALIZED_AUTOS = YES_AGGRESSIVE;
				GCC_WARN_UNUSED_FUNCTION = YES;
				GCC_WARN_UNUSED_VARIABLE = YES;
				IPHONEOS_DEPLOYMENT_TARGET = 14.5;
				MTL_ENABLE_DEBUG_INFO = NO;
				MTL_FAST_MATH = YES;
				SDKROOT = iphoneos;
				SWIFT_COMPILATION_MODE = wholemodule;
				SWIFT_OPTIMIZATION_LEVEL = "-O";
				VALIDATE_PRODUCT = YES;
			};
			name = Release;
		};
		7B8B9A0926427DE400E98B8E /* Debug */ = {
			isa = XCBuildConfiguration;
			buildSettings = {
				ASSETCATALOG_COMPILER_APPICON_NAME = AppIcon;
				ASSETCATALOG_COMPILER_GLOBAL_ACCENT_COLOR_NAME = AccentColor;
				CODE_SIGN_STYLE = Automatic;
				DEVELOPMENT_ASSET_PATHS = "\"CatsWorld/Preview Content\"";
				DEVELOPMENT_TEAM = VUU8K3C66R;
				ENABLE_PREVIEWS = YES;
				INFOPLIST_FILE = CatsWorld/Info.plist;
				IPHONEOS_DEPLOYMENT_TARGET = 14.0;
				LD_RUNPATH_SEARCH_PATHS = (
					"$(inherited)",
					"@executable_path/Frameworks",
				);
				PRODUCT_BUNDLE_IDENTIFIER = com.example..CatsWorld;
				PRODUCT_NAME = "$(TARGET_NAME)";
				SWIFT_VERSION = 5.0;
				TARGETED_DEVICE_FAMILY = "1,2";
			};
			name = Debug;
		};
		7B8B9A0A26427DE400E98B8E /* Release */ = {
			isa = XCBuildConfiguration;
			buildSettings = {
				ASSETCATALOG_COMPILER_APPICON_NAME = AppIcon;
				ASSETCATALOG_COMPILER_GLOBAL_ACCENT_COLOR_NAME = AccentColor;
				CODE_SIGN_STYLE = Automatic;
				DEVELOPMENT_ASSET_PATHS = "\"CatsWorld/Preview Content\"";
				DEVELOPMENT_TEAM = VUU8K3C66R;
				ENABLE_PREVIEWS = YES;
				INFOPLIST_FILE = CatsWorld/Info.plist;
				IPHONEOS_DEPLOYMENT_TARGET = 14.0;
				LD_RUNPATH_SEARCH_PATHS = (
					"$(inherited)",
					"@executable_path/Frameworks",
				);
				PRODUCT_BUNDLE_IDENTIFIER = com.example..CatsWorld;
				PRODUCT_NAME = "$(TARGET_NAME)";
				SWIFT_VERSION = 5.0;
				TARGETED_DEVICE_FAMILY = "1,2";
			};
			name = Release;
		};
		7B8B9A0C26427DE400E98B8E /* Debug */ = {
			isa = XCBuildConfiguration;
			buildSettings = {
				ALWAYS_EMBED_SWIFT_STANDARD_LIBRARIES = YES;
				BUNDLE_LOADER = "$(TEST_HOST)";
				CODE_SIGN_STYLE = Automatic;
				DEVELOPMENT_TEAM = VUU8K3C66R;
				INFOPLIST_FILE = CatsWorldTests/Info.plist;
				IPHONEOS_DEPLOYMENT_TARGET = 14.0;
				LD_RUNPATH_SEARCH_PATHS = (
					"$(inherited)",
					"@executable_path/Frameworks",
					"@loader_path/Frameworks",
				);
				PRODUCT_BUNDLE_IDENTIFIER = com.example..CatsWorldTests;
				PRODUCT_NAME = "$(TARGET_NAME)";
				SWIFT_VERSION = 5.0;
				TARGETED_DEVICE_FAMILY = "1,2";
				TEST_HOST = "$(BUILT_PRODUCTS_DIR)/CatsWorld.app/CatsWorld";
			};
			name = Debug;
		};
		7B8B9A0D26427DE400E98B8E /* Release */ = {
			isa = XCBuildConfiguration;
			buildSettings = {
				ALWAYS_EMBED_SWIFT_STANDARD_LIBRARIES = YES;
				BUNDLE_LOADER = "$(TEST_HOST)";
				CODE_SIGN_STYLE = Automatic;
				DEVELOPMENT_TEAM = VUU8K3C66R;
				INFOPLIST_FILE = CatsWorldTests/Info.plist;
				IPHONEOS_DEPLOYMENT_TARGET = 14.0;
				LD_RUNPATH_SEARCH_PATHS = (
					"$(inherited)",
					"@executable_path/Frameworks",
					"@loader_path/Frameworks",
				);
				PRODUCT_BUNDLE_IDENTIFIER = com.example..CatsWorldTests;
				PRODUCT_NAME = "$(TARGET_NAME)";
				SWIFT_VERSION = 5.0;
				TARGETED_DEVICE_FAMILY = "1,2";
				TEST_HOST = "$(BUILT_PRODUCTS_DIR)/CatsWorld.app/CatsWorld";
			};
			name = Release;
		};
/* End XCBuildConfiguration section */

/* Begin XCConfigurationList section */
		7B8B99DE26427DDC00E98B8E /* Build configuration list for PBXProject "CatsWorld" */ = {
			isa = XCConfigurationList;
			buildConfigurations = (
				7B8B9A0626427DE400E98B8E /* Debug */,
				7B8B9A0726427DE400E98B8E /* Release */,
			);
			defaultConfigurationIsVisible = 0;
			defaultConfigurationName = Release;
		};
		7B8B9A0826427DE400E98B8E /* Build configuration list for PBXNativeTarget "CatsWorld" */ = {
			isa = XCConfigurationList;
			buildConfigurations = (
				7B8B9A0926427DE400E98B8E /* Debug */,
				7B8B9A0A26427DE400E98B8E /* Release */,
			);
			defaultConfigurationIsVisible = 0;
			defaultConfigurationName = Release;
		};
		7B8B9A0B26427DE400E98B8E /* Build configuration list for PBXNativeTarget "CatsWorldTests" */ = {
			isa = XCConfigurationList;
			buildConfigurations = (
				7B8B9A0C26427DE400E98B8E /* Debug */,
				7B8B9A0D26427DE400E98B8E /* Release */,
			);
			defaultConfigurationIsVisible = 0;
			defaultConfigurationName = Release;
		};
/* End XCConfigurationList section */

/* Begin XCVersionGroup section */
		7B861432264D1739008616DB /* Stash.xcdatamodeld */ = {
			isa = XCVersionGroup;
			children = (
				7B861433264D1739008616DB /* Stash.xcdatamodel */,
			);
			currentVersion = 7B861433264D1739008616DB /* Stash.xcdatamodel */;
			path = Stash.xcdatamodeld;
			sourceTree = "<group>";
			versionGroupType = wrapper.xcdatamodel;
		};
/* End XCVersionGroup section */
	};
	rootObject = 7B8B99DB26427DDC00E98B8E /* Project object */;
}
